
Microsoft Visual Studio Solution File, Format Version 12.00
# Visual Studio Version 17
VisualStudioVersion = 17.14.36930.0 d17.14
MinimumVisualStudioVersion = 10.0.40219.1
Project("{FAE04EC0-301F-11D3-BF4B-00C04F79EFBC}") = "DSL", "DSL\DSL.csproj", "{8256999E-5F6E-437F-966D-AC5E93348550}"
EndProject
Global
	GlobalSection(SolutionConfigurationPlatforms) = preSolution
		Debug|Any CPU = Debug|Any CPU
		Release|Any CPU = Release|Any CPU
	EndGlobalSection
	GlobalSection(ProjectConfigurationPlatforms) = postSolution
		{8256999E-5F6E-437F-966D-AC5E93348550}.Debug|Any CPU.ActiveCfg = Debug|Any CPU
		{8256999E-5F6E-437F-966D-AC5E93348550}.Debug|Any CPU.Build.0 = Debug|Any CPU
		{8256999E-5F6E-437F-966D-AC5E93348550}.Release|Any CPU.ActiveCfg = Release|Any CPU
		{8256999E-5F6E-437F-966D-AC5E93348550}.Release|Any CPU.Build.0 = Release|Any CPU
	EndGlobalSection
	GlobalSection(SolutionProperties) = preSolution
		HideSolutionNode = FALSE
	EndGlobalSection
	GlobalSection(ExtensibilityGlobals) = postSolution
		SolutionGuid = {C4AF316B-D470-4211-84AE-07AD39202201}
	EndGlobalSection
EndGlobal
